
Microsoft Visual Studio Solution File, Format Version 12.00
# Visual Studio Version 17
VisualStudioVersion = 17.0.31912.275
MinimumVisualStudioVersion = 10.0.40219.1
Project("{FAE04EC0-301F-11D3-BF4B-00C04F79EFBC}") = "SnakeGame", "SnakeGame\SnakeGame.csproj", "{2AA981BF-018F-4729-8832-0C9BF957D010}"
EndProject
Global
	GlobalSection(SolutionConfigurationPlatforms) = preSolution
		Debug|Any CPU = Debug|Any CPU
		Release|Any CPU = Release|Any CPU
	EndGlobalSection
	GlobalSection(ProjectConfigurationPlatforms) = postSolution
		{2AA981BF-018F-4729-8832-0C9BF957D010}.Debug|Any CPU.ActiveCfg = Debug|Any CPU
		{2AA981BF-018F-4729-8832-0C9BF957D010}.Debug|Any CPU.Build.0 = Debug|Any CPU
		{2AA981BF-018F-4729-8832-0C9BF957D010}.Release|Any CPU.ActiveCfg = Release|Any CPU
		{2AA981BF-018F-4729-8832-0C9BF957D010}.Release|Any CPU.Build.0 = Release|Any CPU
	EndGlobalSection
	GlobalSection(SolutionProperties) = preSolution
		HideSolutionNode = FALSE
	EndGlobalSection
	GlobalSection(ExtensibilityGlobals) = postSolution
		SolutionGuid = {36706444-F6F4-4A4A-9650-EE03746FF600}
	EndGlobalSection
EndGlobal
