
Microsoft Visual Studio Solution File, Format Version 12.00
# Visual Studio Version 17
VisualStudioVersion = 17.0.31912.275
MinimumVisualStudioVersion = 10.0.40219.1
Project("{9A19103F-16F7-4668-BE54-9A1E7A4F7556}") = "SnakeGame", "SnakeGame\SnakeGame.csproj", "{2AA981BF-018F-4729-8832-0C9BF957D010}"
EndProject
Project("{54435603-DBB4-11D2-8724-00A0C9A8B90C}") = "Snake v0.1.0", "Snake v0.1.0\Snake v0.1.0.vdproj", "{4182E0D3-0399-4897-928E-10B450F2F96D}"
EndProject
Global
	GlobalSection(SolutionConfigurationPlatforms) = preSolution
		Debug|Any CPU = Debug|Any CPU
		Release|Any CPU = Release|Any CPU
	EndGlobalSection
	GlobalSection(ProjectConfigurationPlatforms) = postSolution
		{2AA981BF-018F-4729-8832-0C9BF957D010}.Debug|Any CPU.ActiveCfg = Debug|Any CPU
		{2AA981BF-018F-4729-8832-0C9BF957D010}.Debug|Any CPU.Build.0 = Debug|Any CPU
		{2AA981BF-018F-4729-8832-0C9BF957D010}.Release|Any CPU.ActiveCfg = Release|Any CPU
		{2AA981BF-018F-4729-8832-0C9BF957D010}.Release|Any CPU.Build.0 = Release|Any CPU
		{4182E0D3-0399-4897-928E-10B450F2F96D}.Debug|Any CPU.ActiveCfg = Debug
		{4182E0D3-0399-4897-928E-10B450F2F96D}.Release|Any CPU.ActiveCfg = Release
	EndGlobalSection
	GlobalSection(SolutionProperties) = preSolution
		HideSolutionNode = FALSE
	EndGlobalSection
	GlobalSection(ExtensibilityGlobals) = postSolution
		SolutionGuid = {36706444-F6F4-4A4A-9650-EE03746FF600}
	EndGlobalSection
EndGlobal
